<?xml version="1.0" encoding="utf-8"?>
<Project ToolsVersion="4.0" xmlns="http://schemas.microsoft.com/developer/msbuild/2003">
  <ItemGroup>
    <Filter Include="Source Files">
      <UniqueIdentifier>{4FC737F1-C7A5-4376-A066-2A32D752A2FF}</UniqueIdentifier>
      <Extensions>cpp;c;cc;cxx;def;odl;idl;hpj;bat;asm;asmx</Extensions>
    </Filter>
    <Filter Include="Header Files">
      <UniqueIdentifier>{93995380-89BD-4b04-88EB-625FBE52EBFB}</UniqueIdentifier>
      <Extensions>h;hh;hpp;hxx;hm;inl;inc;xsd</Extensions>
    </Filter>
    <Filter Include="Resource Files">
      <UniqueIdentifier>{67DA6AB6-F800-4c08-8B7A-83BB121AAD01}</UniqueIdentifier>
      <Extensions>rc;ico;cur;bmp;dlg;rc2;rct;bin;rgs;gif;jpg;jpeg;jpe;resx;tiff;tif;png;wav;mfcribbon-ms</Extensions>
    </Filter>
  </ItemGroup>
  <ItemGroup>
    <ClCompile Include="AXengine\Core\Engine.cpp">
      <Filter>Source Files</Filter>
    </ClCompile>
    <ClCompile Include="AXengine\Core\Window.cpp">
      <Filter>Source Files</Filter>
    </ClCompile>
    <ClCompile Include="AXengine\Gfx\Renderer.cpp">
      <Filter>Source Files</Filter>
    </ClCompile>
    <ClCompile Include="AXengine\Shader\ShaderProgram.cpp">
      <Filter>Source Files</Filter>
    </ClCompile>
    <ClCompile Include="AXengine\Tool\Input.cpp">
      <Filter>Source Files</Filter>
    </ClCompile>
    <ClCompile Include="AXengine\Tool\Loader.cpp">
      <Filter>Source Files</Filter>
    </ClCompile>
    <ClCompile Include="AXengine\Game.cpp">
      <Filter>Source Files</Filter>
    </ClCompile>
    <ClCompile Include="AXengine\Entity\GameObject.cpp">
      <Filter>Source Files</Filter>
    </ClCompile>
    <ClCompile Include="AXengine\Shader\StandardShader.cpp">
      <Filter>Source Files</Filter>
    </ClCompile>
    <ClCompile Include="AXengine\Entity\FreeCamera.cpp">
      <Filter>Source Files</Filter>
    </ClCompile>
    <ClCompile Include="AXengine\Tool\Time.h">
      <Filter>Source Files</Filter>
    </ClCompile>
    <ClCompile Include="AXengine\Shader\PhongShader.cpp">
      <Filter>Source Files</Filter>
    </ClCompile>
    <ClCompile Include="AXengine\Asset\Material.cpp">
      <Filter>Source Files</Filter>
    </ClCompile>
    <ClCompile Include="AXengine\Asset\Mesh.cpp">
      <Filter>Source Files</Filter>
    </ClCompile>
    <ClCompile Include="AXengine\Asset\PhongMaterial.cpp">
      <Filter>Source Files</Filter>
    </ClCompile>
    <ClCompile Include="AXengine\Asset\Texture.cpp">
      <Filter>Source Files</Filter>
    </ClCompile>
    <ClCompile Include="AXengine\Asset\Model.cpp">
      <Filter>Source Files</Filter>
    </ClCompile>
    <ClCompile Include="AXengine\Gfx\TextRenderer.cpp">
      <Filter>Source Files</Filter>
    </ClCompile>
    <ClCompile Include="AXengine\Shader\TextShader.cpp">
      <Filter>Source Files</Filter>
    </ClCompile>
    <ClCompile Include="AXengine\Gfx\FrameBuffer.cpp">
      <Filter>Source Files</Filter>
    </ClCompile>
    <ClCompile Include="AXengine\Shader\StandardShader2D.cpp">
      <Filter>Source Files</Filter>
    </ClCompile>
    <ClCompile Include="AXengine\Entity\Quad.cpp">
      <Filter>Source Files</Filter>
    </ClCompile>
    <ClCompile Include="AXengine\Gfx\Renderer2D.cpp">
      <Filter>Source Files</Filter>
    </ClCompile>
    <ClCompile Include="AXengine\Shader\KernelShader.cpp">
      <Filter>Source Files</Filter>
    </ClCompile>
    <ClCompile Include="AXengine\Gfx\SkyboxRenderer.cpp">
      <Filter>Source Files</Filter>
    </ClCompile>
    <ClCompile Include="AXengine\Entity\Cubemap.cpp">
      <Filter>Source Files</Filter>
    </ClCompile>
    <ClCompile Include="AXengine\Shader\SkyboxShader.cpp">
      <Filter>Source Files</Filter>
    </ClCompile>
    <ClCompile Include="Test\TransparentScene.cpp">
      <Filter>Source Files</Filter>
    </ClCompile>
  </ItemGroup>
  <ItemGroup>
    <ClInclude Include="AXengine\Core\Engine.h">
      <Filter>Header Files</Filter>
    </ClInclude>
    <ClInclude Include="AXengine\Core\Window.h">
      <Filter>Header Files</Filter>
    </ClInclude>
    <ClInclude Include="AXengine\Gfx\Renderer.h">
      <Filter>Header Files</Filter>
    </ClInclude>
    <ClInclude Include="AXengine\Shader\ShaderProgram.h">
      <Filter>Header Files</Filter>
    </ClInclude>
    <ClInclude Include="AXengine\Shader\StandardShader.h">
      <Filter>Header Files</Filter>
    </ClInclude>
    <ClInclude Include="AXengine\Tool\Debug.h">
      <Filter>Header Files</Filter>
    </ClInclude>
    <ClInclude Include="AXengine\Tool\Input.h">
      <Filter>Header Files</Filter>
    </ClInclude>
    <ClInclude Include="AXengine\Tool\Loader.h">
      <Filter>Header Files</Filter>
    </ClInclude>
    <ClInclude Include="AXengine\Tool\Singleton.h">
      <Filter>Header Files</Filter>
    </ClInclude>
    <ClInclude Include="AXengine\Tool\Utility.h">
      <Filter>Header Files</Filter>
    </ClInclude>
    <ClInclude Include="AXengine\Game.h">
      <Filter>Header Files</Filter>
    </ClInclude>
    <ClInclude Include="AXengine\Entity\GameObject.h">
      <Filter>Header Files</Filter>
    </ClInclude>
    <ClInclude Include="AXengine\Entity\Transform.h">
      <Filter>Header Files</Filter>
    </ClInclude>
    <ClInclude Include="AXengine\Entity\Camera.h">
      <Filter>Header Files</Filter>
    </ClInclude>
    <ClInclude Include="AXengine\Entity\FreeCamera.h">
      <Filter>Header Files</Filter>
    </ClInclude>
    <ClInclude Include="AXengine\Entity\Light.h">
      <Filter>Header Files</Filter>
    </ClInclude>
    <ClInclude Include="AXengine\Shader\PhongShader.h">
      <Filter>Header Files</Filter>
    </ClInclude>
    <ClInclude Include="AXengine\Entity\DirectionalLight.h">
      <Filter>Header Files</Filter>
    </ClInclude>
    <ClInclude Include="AXengine\Entity\PointLight.h">
      <Filter>Header Files</Filter>
    </ClInclude>
    <ClInclude Include="AXengine\Entity\SpotLight.h">
      <Filter>Header Files</Filter>
    </ClInclude>
    <ClInclude Include="AXengine\Entity\Scene.h">
      <Filter>Header Files</Filter>
    </ClInclude>
    <ClInclude Include="AXengine\Asset\Material.h">
      <Filter>Header Files</Filter>
    </ClInclude>
    <ClInclude Include="AXengine\Asset\Mesh.h">
      <Filter>Header Files</Filter>
    </ClInclude>
    <ClInclude Include="AXengine\Asset\PhongMaterial.h">
      <Filter>Header Files</Filter>
    </ClInclude>
    <ClInclude Include="AXengine\Asset\Texture.h">
      <Filter>Header Files</Filter>
    </ClInclude>
    <ClInclude Include="AXengine\Asset\Model.h">
      <Filter>Header Files</Filter>
    </ClInclude>
    <ClInclude Include="AXengine\Gfx\TextRenderer.h">
      <Filter>Header Files</Filter>
    </ClInclude>
    <ClInclude Include="AXengine\Shader\TextShader.h">
      <Filter>Header Files</Filter>
    </ClInclude>
    <ClInclude Include="AXengine\Gfx\Renderer2D.h">
      <Filter>Header Files</Filter>
    </ClInclude>
    <ClInclude Include="AXengine\Entity\Text.h">
      <Filter>Header Files</Filter>
    </ClInclude>
    <ClInclude Include="AXengine\Gfx\FrameBuffer.h">
      <Filter>Header Files</Filter>
    </ClInclude>
    <ClInclude Include="AXengine\Shader\StandardShader2D.h">
      <Filter>Header Files</Filter>
    </ClInclude>
    <ClInclude Include="AXengine\Entity\Quad.h">
      <Filter>Header Files</Filter>
    </ClInclude>
    <ClInclude Include="AXengine\Shader\KernelShader.h">
      <Filter>Header Files</Filter>
    </ClInclude>
    <ClInclude Include="AXengine\Gfx\SkyboxRenderer.h">
      <Filter>Header Files</Filter>
    </ClInclude>
    <ClInclude Include="AXengine\Entity\Cubemap.h">
      <Filter>Header Files</Filter>
    </ClInclude>
    <ClInclude Include="AXengine\Shader\SkyboxShader.h">
      <Filter>Header Files</Filter>
    </ClInclude>
  </ItemGroup>
</Project>